<Solution>
  <Project Path="Unity.ShaderGraph.Editor.csproj" />
  <Project Path="Unity.RenderPipelines.Universal.Editor.csproj" />
  <Project Path="BetterHierarchy.csproj" />
  <Project Path="stw.Chroma.csproj" />
  <Project Path="stw.sharedscrp.csproj" />
  <Project Path="OrangeWolf.DataEntity.Editor.csproj" />
  <Project Path="SuckTheWater.csproj" />
  <Project Path="OrangeWolf.Generic.csproj" />
  <Project Path="UnityEditor.UI.csproj" />
  <Project Path="stw.Gameplay.csproj" />
  <Project Path="stw.Game.csproj" />
  <Project Path="Chroma.Facade.csproj" />
  <Project Path="stw.UI.csproj" />
  <Project Path="BetterHierarchyDemoScripts.csproj" />
  <Project Path="stw.AI.csproj" />
  <Project Path="Chroma.Readme.Editor.csproj" />
  <Project Path="OrangeWolf.DataEntity.csproj" />
  <Project Path="Unity.RenderPipelines.Universal.Config.Editor.Tests.csproj" />
  <Project Path="Unity.RenderPipelines.Universal.Config.Runtime.csproj" />
</Solution>
